// !$*UTF8*$!
{
	archiveVersion = 1;
	classes = {
	};
	objectVersion = 50;
	objects = {

/* Begin PBXBuildFile section */
		390698612311B7410063FEB9 /* AppDelegate.swift in Sources */ = {isa = PBXBuildFile; fileRef = 390698602311B7410063FEB9 /* AppDelegate.swift */; };
		390698682311B7430063FEB9 /* Assets.xcassets in Resources */ = {isa = PBXBuildFile; fileRef = 390698672311B7430063FEB9 /* Assets.xcassets */; };
		3906986B2311B7430063FEB9 /* LaunchScreen.storyboard in Resources */ = {isa = PBXBuildFile; fileRef = 390698692311B7430063FEB9 /* LaunchScreen.storyboard */; };
		39378C1423127B4800AA1389 /* TripModel.swift in Sources */ = {isa = PBXBuildFile; fileRef = 39378C1323127B4800AA1389 /* TripModel.swift */; };
		39378C1623127B5600AA1389 /* TripFunctions.swift in Sources */ = {isa = PBXBuildFile; fileRef = 39378C1523127B5600AA1389 /* TripFunctions.swift */; };
		39378C1823127FC200AA1389 /* Data.swift in Sources */ = {isa = PBXBuildFile; fileRef = 39378C1723127FC200AA1389 /* Data.swift */; };
		393CB8CA231A800C00D33F24 /* UIViewExtensions.swift in Sources */ = {isa = PBXBuildFile; fileRef = 393CB8C9231A800C00D33F24 /* UIViewExtensions.swift */; };
		393CB8CD231A8AA000D33F24 /* Theme.swift in Sources */ = {isa = PBXBuildFile; fileRef = 393CB8CC231A8AA000D33F24 /* Theme.swift */; };
		393CB8CF231A8AD800D33F24 /* FugazOne-Regular.ttf in Resources */ = {isa = PBXBuildFile; fileRef = 393CB8CE231A8AD800D33F24 /* FugazOne-Regular.ttf */; };
		393CB8D1231A8CC100D33F24 /* Colors.xcassets in Resources */ = {isa = PBXBuildFile; fileRef = 393CB8D0231A8CC100D33F24 /* Colors.xcassets */; };
		39CD99DD231ADCFB000D7624 /* UIButtonExtensions.swift in Sources */ = {isa = PBXBuildFile; fileRef = 39CD99DC231ADCFB000D7624 /* UIButtonExtensions.swift */; };
		39E61CBC2315B04F00820770 /* TripsTableViewCell.swift in Sources */ = {isa = PBXBuildFile; fileRef = 39E61CBB2315B04F00820770 /* TripsTableViewCell.swift */; };
		39FAEDC723159F01008E0B5D /* TripsViewController.storyboard in Resources */ = {isa = PBXBuildFile; fileRef = 39FAEDC623159F01008E0B5D /* TripsViewController.storyboard */; };
		39FAEDCB2315A26D008E0B5D /* TripsViewController.swift in Sources */ = {isa = PBXBuildFile; fileRef = 39FAEDCA2315A26D008E0B5D /* TripsViewController.swift */; };
/* End PBXBuildFile section */

/* Begin PBXFileReference section */
		3906985D2311B7410063FEB9 /* ItineraryApp.app */ = {isa = PBXFileReference; explicitFileType = wrapper.application; includeInIndex = 0; path = ItineraryApp.app; sourceTree = BUILT_PRODUCTS_DIR; };
		390698602311B7410063FEB9 /* AppDelegate.swift */ = {isa = PBXFileReference; lastKnownFileType = sourcecode.swift; path = AppDelegate.swift; sourceTree = "<group>"; };
		390698672311B7430063FEB9 /* Assets.xcassets */ = {isa = PBXFileReference; lastKnownFileType = folder.assetcatalog; path = Assets.xcassets; sourceTree = "<group>"; };
		3906986A2311B7430063FEB9 /* Base */ = {isa = PBXFileReference; lastKnownFileType = file.storyboard; name = Base; path = Base.lproj/LaunchScreen.storyboard; sourceTree = "<group>"; };
		3906986C2311B7430063FEB9 /* Info.plist */ = {isa = PBXFileReference; lastKnownFileType = text.plist.xml; path = Info.plist; sourceTree = "<group>"; };
		39378C1323127B4800AA1389 /* TripModel.swift */ = {isa = PBXFileReference; lastKnownFileType = sourcecode.swift; path = TripModel.swift; sourceTree = "<group>"; };
		39378C1523127B5600AA1389 /* TripFunctions.swift */ = {isa = PBXFileReference; lastKnownFileType = sourcecode.swift; path = TripFunctions.swift; sourceTree = "<group>"; };
		39378C1723127FC200AA1389 /* Data.swift */ = {isa = PBXFileReference; lastKnownFileType = sourcecode.swift; path = Data.swift; sourceTree = "<group>"; };
		393CB8C9231A800C00D33F24 /* UIViewExtensions.swift */ = {isa = PBXFileReference; lastKnownFileType = sourcecode.swift; path = UIViewExtensions.swift; sourceTree = "<group>"; };
		393CB8CC231A8AA000D33F24 /* Theme.swift */ = {isa = PBXFileReference; lastKnownFileType = sourcecode.swift; path = Theme.swift; sourceTree = "<group>"; };
		393CB8CE231A8AD800D33F24 /* FugazOne-Regular.ttf */ = {isa = PBXFileReference; lastKnownFileType = file; path = "FugazOne-Regular.ttf"; sourceTree = "<group>"; };
		393CB8D0231A8CC100D33F24 /* Colors.xcassets */ = {isa = PBXFileReference; lastKnownFileType = folder.assetcatalog; path = Colors.xcassets; sourceTree = "<group>"; };
		39CD99DC231ADCFB000D7624 /* UIButtonExtensions.swift */ = {isa = PBXFileReference; lastKnownFileType = sourcecode.swift; path = UIButtonExtensions.swift; sourceTree = "<group>"; };
		39E61CBB2315B04F00820770 /* TripsTableViewCell.swift */ = {isa = PBXFileReference; lastKnownFileType = sourcecode.swift; path = TripsTableViewCell.swift; sourceTree = "<group>"; };
		39FAEDC623159F01008E0B5D /* TripsViewController.storyboard */ = {isa = PBXFileReference; lastKnownFileType = file.storyboard; path = TripsViewController.storyboard; sourceTree = "<group>"; };
		39FAEDCA2315A26D008E0B5D /* TripsViewController.swift */ = {isa = PBXFileReference; lastKnownFileType = sourcecode.swift; path = TripsViewController.swift; sourceTree = "<group>"; };
/* End PBXFileReference section */

/* Begin PBXFrameworksBuildPhase section */
		3906985A2311B7410063FEB9 /* Frameworks */ = {
			isa = PBXFrameworksBuildPhase;
			buildActionMask = 2147483647;
			files = (
			);
			runOnlyForDeploymentPostprocessing = 0;
		};
/* End PBXFrameworksBuildPhase section */

/* Begin PBXGroup section */
		390698542311B7410063FEB9 = {
			isa = PBXGroup;
			children = (
				3906985F2311B7410063FEB9 /* ItineraryApp */,
				3906985E2311B7410063FEB9 /* Products */,
			);
			sourceTree = "<group>";
		};
		3906985E2311B7410063FEB9 /* Products */ = {
			isa = PBXGroup;
			children = (
				3906985D2311B7410063FEB9 /* ItineraryApp.app */,
			);
			name = Products;
			sourceTree = "<group>";
		};
		3906985F2311B7410063FEB9 /* ItineraryApp */ = {
			isa = PBXGroup;
			children = (
				393CB8CB231A8A7E00D33F24 /* Resources */,
				393CB8C8231A7FE800D33F24 /* Extensions */,
				39378C1123127B1A00AA1389 /* Model */,
				39FAEDC423159E7E008E0B5D /* Views */,
				390698602311B7410063FEB9 /* AppDelegate.swift */,
				390698672311B7430063FEB9 /* Assets.xcassets */,
				390698692311B7430063FEB9 /* LaunchScreen.storyboard */,
				3906986C2311B7430063FEB9 /* Info.plist */,
			);
			path = ItineraryApp;
			sourceTree = "<group>";
		};
		39378C1123127B1A00AA1389 /* Model */ = {
			isa = PBXGroup;
			children = (
				39378C1723127FC200AA1389 /* Data.swift */,
				39378C1223127B2800AA1389 /* Trip */,
			);
			path = Model;
			sourceTree = "<group>";
		};
		39378C1223127B2800AA1389 /* Trip */ = {
			isa = PBXGroup;
			children = (
				39378C1323127B4800AA1389 /* TripModel.swift */,
				39378C1523127B5600AA1389 /* TripFunctions.swift */,
			);
			path = Trip;
			sourceTree = "<group>";
		};
		393CB8C8231A7FE800D33F24 /* Extensions */ = {
			isa = PBXGroup;
			children = (
				393CB8C9231A800C00D33F24 /* UIViewExtensions.swift */,
				39CD99DC231ADCFB000D7624 /* UIButtonExtensions.swift */,
			);
			path = Extensions;
			sourceTree = "<group>";
		};
		393CB8CB231A8A7E00D33F24 /* Resources */ = {
			isa = PBXGroup;
			children = (
				393CB8CE231A8AD800D33F24 /* FugazOne-Regular.ttf */,
				393CB8CC231A8AA000D33F24 /* Theme.swift */,
				393CB8D0231A8CC100D33F24 /* Colors.xcassets */,
			);
			path = Resources;
			sourceTree = "<group>";
		};
		39FAEDC423159E7E008E0B5D /* Views */ = {
			isa = PBXGroup;
			children = (
				39FAEDC523159EBA008E0B5D /* TripsViewController */,
			);
			path = Views;
			sourceTree = "<group>";
		};
		39FAEDC523159EBA008E0B5D /* TripsViewController */ = {
			isa = PBXGroup;
			children = (
				39FAEDC623159F01008E0B5D /* TripsViewController.storyboard */,
				39FAEDCA2315A26D008E0B5D /* TripsViewController.swift */,
				39E61CBB2315B04F00820770 /* TripsTableViewCell.swift */,
			);
			path = TripsViewController;
			sourceTree = "<group>";
		};
/* End PBXGroup section */

/* Begin PBXNativeTarget section */
		3906985C2311B7410063FEB9 /* ItineraryApp */ = {
			isa = PBXNativeTarget;
			buildConfigurationList = 3906986F2311B7430063FEB9 /* Build configuration list for PBXNativeTarget "ItineraryApp" */;
			buildPhases = (
				390698592311B7410063FEB9 /* Sources */,
				3906985A2311B7410063FEB9 /* Frameworks */,
				3906985B2311B7410063FEB9 /* Resources */,
			);
			buildRules = (
			);
			dependencies = (
			);
			name = ItineraryApp;
			productName = ItineraryApp;
			productReference = 3906985D2311B7410063FEB9 /* ItineraryApp.app */;
			productType = "com.apple.product-type.application";
		};
/* End PBXNativeTarget section */

/* Begin PBXProject section */
		390698552311B7410063FEB9 /* Project object */ = {
			isa = PBXProject;
			attributes = {
				LastSwiftUpdateCheck = 1030;
				LastUpgradeCheck = 1030;
				ORGANIZATIONNAME = "Cosmin Iulian";
				TargetAttributes = {
					3906985C2311B7410063FEB9 = {
						CreatedOnToolsVersion = 10.3;
					};
				};
			};
			buildConfigurationList = 390698582311B7410063FEB9 /* Build configuration list for PBXProject "ItineraryApp" */;
			compatibilityVersion = "Xcode 9.3";
			developmentRegion = en;
			hasScannedForEncodings = 0;
			knownRegions = (
				en,
				Base,
			);
			mainGroup = 390698542311B7410063FEB9;
			productRefGroup = 3906985E2311B7410063FEB9 /* Products */;
			projectDirPath = "";
			projectRoot = "";
			targets = (
				3906985C2311B7410063FEB9 /* ItineraryApp */,
			);
		};
/* End PBXProject section */

/* Begin PBXResourcesBuildPhase section */
		3906985B2311B7410063FEB9 /* Resources */ = {
			isa = PBXResourcesBuildPhase;
			buildActionMask = 2147483647;
			files = (
				393CB8D1231A8CC100D33F24 /* Colors.xcassets in Resources */,
				3906986B2311B7430063FEB9 /* LaunchScreen.storyboard in Resources */,
				39FAEDC723159F01008E0B5D /* TripsViewController.storyboard in Resources */,
				393CB8CF231A8AD800D33F24 /* FugazOne-Regular.ttf in Resources */,
				390698682311B7430063FEB9 /* Assets.xcassets in Resources */,
			);
			runOnlyForDeploymentPostprocessing = 0;
		};
/* End PBXResourcesBuildPhase section */

/* Begin PBXSourcesBuildPhase section */
		390698592311B7410063FEB9 /* Sources */ = {
			isa = PBXSourcesBuildPhase;
			buildActionMask = 2147483647;
			files = (
				39E61CBC2315B04F00820770 /* TripsTableViewCell.swift in Sources */,
				393CB8CD231A8AA000D33F24 /* Theme.swift in Sources */,
				393CB8CA231A800C00D33F24 /* UIViewExtensions.swift in Sources */,
				39378C1823127FC200AA1389 /* Data.swift in Sources */,
				390698612311B7410063FEB9 /* AppDelegate.swift in Sources */,
				39378C1623127B5600AA1389 /* TripFunctions.swift in Sources */,
				39CD99DD231ADCFB000D7624 /* UIButtonExtensions.swift in Sources */,
				39378C1423127B4800AA1389 /* TripModel.swift in Sources */,
				39FAEDCB2315A26D008E0B5D /* TripsViewController.swift in Sources */,
			);
			runOnlyForDeploymentPostprocessing = 0;
		};
/* End PBXSourcesBuildPhase section */

/* Begin PBXVariantGroup section */
		390698692311B7430063FEB9 /* LaunchScreen.storyboard */ = {
			isa = PBXVariantGroup;
			children = (
				3906986A2311B7430063FEB9 /* Base */,
			);
			name = LaunchScreen.storyboard;
			sourceTree = "<group>";
		};
/* End PBXVariantGroup section */

/* Begin XCBuildConfiguration section */
		3906986D2311B7430063FEB9 /* Debug */ = {
			isa = XCBuildConfiguration;
			buildSettings = {
				ALWAYS_SEARCH_USER_PATHS = NO;
				CLANG_ANALYZER_NONNULL = YES;
				CLANG_ANALYZER_NUMBER_OBJECT_CONVERSION = YES_AGGRESSIVE;
				CLANG_CXX_LANGUAGE_STANDARD = "gnu++14";
				CLANG_CXX_LIBRARY = "libc++";
				CLANG_ENABLE_MODULES = YES;
				CLANG_ENABLE_OBJC_ARC = YES;
				CLANG_ENABLE_OBJC_WEAK = YES;
				CLANG_WARN_BLOCK_CAPTURE_AUTORELEASING = YES;
				CLANG_WARN_BOOL_CONVERSION = YES;
				CLANG_WARN_COMMA = YES;
				CLANG_WARN_CONSTANT_CONVERSION = YES;
				CLANG_WARN_DEPRECATED_OBJC_IMPLEMENTATIONS = YES;
				CLANG_WARN_DIRECT_OBJC_ISA_USAGE = YES_ERROR;
				CLANG_WARN_DOCUMENTATION_COMMENTS = YES;
				CLANG_WARN_EMPTY_BODY = YES;
				CLANG_WARN_ENUM_CONVERSION = YES;
				CLANG_WARN_INFINITE_RECURSION = YES;
				CLANG_WARN_INT_CONVERSION = YES;
				CLANG_WARN_NON_LITERAL_NULL_CONVERSION = YES;
				CLANG_WARN_OBJC_IMPLICIT_RETAIN_SELF = YES;
				CLANG_WARN_OBJC_LITERAL_CONVERSION = YES;
				CLANG_WARN_OBJC_ROOT_CLASS = YES_ERROR;
				CLANG_WARN_RANGE_LOOP_ANALYSIS = YES;
				CLANG_WARN_STRICT_PROTOTYPES = YES;
				CLANG_WARN_SUSPICIOUS_MOVE = YES;
				CLANG_WARN_UNGUARDED_AVAILABILITY = YES_AGGRESSIVE;
				CLANG_WARN_UNREACHABLE_CODE = YES;
				CLANG_WARN__DUPLICATE_METHOD_MATCH = YES;
				CODE_SIGN_IDENTITY = "iPhone Developer";
				COPY_PHASE_STRIP = NO;
				DEBUG_INFORMATION_FORMAT = dwarf;
				ENABLE_STRICT_OBJC_MSGSEND = YES;
				ENABLE_TESTABILITY = YES;
				GCC_C_LANGUAGE_STANDARD = gnu11;
				GCC_DYNAMIC_NO_PIC = NO;
				GCC_NO_COMMON_BLOCKS = YES;
				GCC_OPTIMIZATION_LEVEL = 0;
				GCC_PREPROCESSOR_DEFINITIONS = (
					"DEBUG=1",
					"$(inherited)",
				);
				GCC_WARN_64_TO_32_BIT_CONVERSION = YES;
				GCC_WARN_ABOUT_RETURN_TYPE = YES_ERROR;
				GCC_WARN_UNDECLARED_SELECTOR = YES;
				GCC_WARN_UNINITIALIZED_AUTOS = YES_AGGRESSIVE;
				GCC_WARN_UNUSED_FUNCTION = YES;
				GCC_WARN_UNUSED_VARIABLE = YES;
				IPHONEOS_DEPLOYMENT_TARGET = 12.4;
				MTL_ENABLE_DEBUG_INFO = INCLUDE_SOURCE;
				MTL_FAST_MATH = YES;
				ONLY_ACTIVE_ARCH = YES;
				SDKROOT = iphoneos;
				SWIFT_ACTIVE_COMPILATION_CONDITIONS = DEBUG;
				SWIFT_OPTIMIZATION_LEVEL = "-Onone";
			};
			name = Debug;
		};
		3906986E2311B7430063FEB9 /* Release */ = {
			isa = XCBuildConfiguration;
			buildSettings = {
				ALWAYS_SEARCH_USER_PATHS = NO;
				CLANG_ANALYZER_NONNULL = YES;
				CLANG_ANALYZER_NUMBER_OBJECT_CONVERSION = YES_AGGRESSIVE;
				CLANG_CXX_LANGUAGE_STANDARD = "gnu++14";
				CLANG_CXX_LIBRARY = "libc++";
				CLANG_ENABLE_MODULES = YES;
				CLANG_ENABLE_OBJC_ARC = YES;
				CLANG_ENABLE_OBJC_WEAK = YES;
				CLANG_WARN_BLOCK_CAPTURE_AUTORELEASING = YES;
				CLANG_WARN_BOOL_CONVERSION = YES;
				CLANG_WARN_COMMA = YES;
				CLANG_WARN_CONSTANT_CONVERSION = YES;
				CLANG_WARN_DEPRECATED_OBJC_IMPLEMENTATIONS = YES;
				CLANG_WARN_DIRECT_OBJC_ISA_USAGE = YES_ERROR;
				CLANG_WARN_DOCUMENTATION_COMMENTS = YES;
				CLANG_WARN_EMPTY_BODY = YES;
				CLANG_WARN_ENUM_CONVERSION = YES;
				CLANG_WARN_INFINITE_RECURSION = YES;
				CLANG_WARN_INT_CONVERSION = YES;
				CLANG_WARN_NON_LITERAL_NULL_CONVERSION = YES;
				CLANG_WARN_OBJC_IMPLICIT_RETAIN_SELF = YES;
				CLANG_WARN_OBJC_LITERAL_CONVERSION = YES;
				CLANG_WARN_OBJC_ROOT_CLASS = YES_ERROR;
				CLANG_WARN_RANGE_LOOP_ANALYSIS = YES;
				CLANG_WARN_STRICT_PROTOTYPES = YES;
				CLANG_WARN_SUSPICIOUS_MOVE = YES;
				CLANG_WARN_UNGUARDED_AVAILABILITY = YES_AGGRESSIVE;
				CLANG_WARN_UNREACHABLE_CODE = YES;
				CLANG_WARN__DUPLICATE_METHOD_MATCH = YES;
				CODE_SIGN_IDENTITY = "iPhone Developer";
				COPY_PHASE_STRIP = NO;
				DEBUG_INFORMATION_FORMAT = "dwarf-with-dsym";
				ENABLE_NS_ASSERTIONS = NO;
				ENABLE_STRICT_OBJC_MSGSEND = YES;
				GCC_C_LANGUAGE_STANDARD = gnu11;
				GCC_NO_COMMON_BLOCKS = YES;
				GCC_WARN_64_TO_32_BIT_CONVERSION = YES;
				GCC_WARN_ABOUT_RETURN_TYPE = YES_ERROR;
				GCC_WARN_UNDECLARED_SELECTOR = YES;
				GCC_WARN_UNINITIALIZED_AUTOS = YES_AGGRESSIVE;
				GCC_WARN_UNUSED_FUNCTION = YES;
				GCC_WARN_UNUSED_VARIABLE = YES;
				IPHONEOS_DEPLOYMENT_TARGET = 12.4;
				MTL_ENABLE_DEBUG_INFO = NO;
				MTL_FAST_MATH = YES;
				SDKROOT = iphoneos;
				SWIFT_COMPILATION_MODE = wholemodule;
				SWIFT_OPTIMIZATION_LEVEL = "-O";
				VALIDATE_PRODUCT = YES;
			};
			name = Release;
		};
		390698702311B7430063FEB9 /* Debug */ = {
			isa = XCBuildConfiguration;
			buildSettings = {
				ASSETCATALOG_COMPILER_APPICON_NAME = AppIcon;
				CODE_SIGN_STYLE = Automatic;
				DEVELOPMENT_TEAM = 5834N7JNG4;
				INFOPLIST_FILE = ItineraryApp/Info.plist;
				LD_RUNPATH_SEARCH_PATHS = (
					"$(inherited)",
					"@executable_path/Frameworks",
				);
				PRODUCT_BUNDLE_IDENTIFIER = com.wordpress.cosminiuliang.ItineraryApp;
				PRODUCT_NAME = "$(TARGET_NAME)";
				SWIFT_VERSION = 5.0;
				TARGETED_DEVICE_FAMILY = "1,2";
			};
			name = Debug;
		};
		390698712311B7430063FEB9 /* Release */ = {
			isa = XCBuildConfiguration;
			buildSettings = {
				ASSETCATALOG_COMPILER_APPICON_NAME = AppIcon;
				CODE_SIGN_STYLE = Automatic;
				DEVELOPMENT_TEAM = 5834N7JNG4;
				INFOPLIST_FILE = ItineraryApp/Info.plist;
				LD_RUNPATH_SEARCH_PATHS = (
					"$(inherited)",
					"@executable_path/Frameworks",
				);
				PRODUCT_BUNDLE_IDENTIFIER = com.wordpress.cosminiuliang.ItineraryApp;
				PRODUCT_NAME = "$(TARGET_NAME)";
				SWIFT_VERSION = 5.0;
				TARGETED_DEVICE_FAMILY = "1,2";
			};
			name = Release;
		};
/* End XCBuildConfiguration section */

/* Begin XCConfigurationList section */
		390698582311B7410063FEB9 /* Build configuration list for PBXProject "ItineraryApp" */ = {
			isa = XCConfigurationList;
			buildConfigurations = (
				3906986D2311B7430063FEB9 /* Debug */,
				3906986E2311B7430063FEB9 /* Release */,
			);
			defaultConfigurationIsVisible = 0;
			defaultConfigurationName = Release;
		};
		3906986F2311B7430063FEB9 /* Build configuration list for PBXNativeTarget "ItineraryApp" */ = {
			isa = XCConfigurationList;
			buildConfigurations = (
				390698702311B7430063FEB9 /* Debug */,
				390698712311B7430063FEB9 /* Release */,
			);
			defaultConfigurationIsVisible = 0;
			defaultConfigurationName = Release;
		};
/* End XCConfigurationList section */
	};
	rootObject = 390698552311B7410063FEB9 /* Project object */;
}
